# generated by rye
# use `rye lock` or `rye sync` to update this lockfile
#
# last locked with the following flags:
#   pre: false
#   features: []
#   all-features: false
#   with-sources: false
#   generate-hashes: false
#   universal: false

-e file:.
alphashape==1.3.1
    # via turbine-mesher
asttokens==2.4.1
    # via stack-data
certifi==2024.8.30
    # via requests
charset-normalizer==3.4.0
    # via requests
click==8.1.7
    # via alphashape
    # via click-log
click-log==0.4.0
    # via alphashape
contourpy==1.3.1
    # via matplotlib
cycler==0.12.1
    # via matplotlib
decorator==5.1.1
    # via ipython
et-xmlfile==2.0.0
    # via openpyxl
executing==2.1.0
    # via stack-data
fonttools==4.55.0
    # via matplotlib
gmsh==4.13.1
    # via turbine-mesher
idna==3.10
    # via requests
ipython==8.29.0
jedi==0.19.2
    # via ipython
kiwisolver==1.4.7
    # via matplotlib
markdown-it-py==3.0.0
    # via rich
matplotlib==3.9.2
    # via pynumad
    # via pyvista
    # via turbine-mesher
    # via vtk
matplotlib-inline==0.1.7
    # via ipython
mdurl==0.1.2
    # via markdown-it-py
meshio==5.3.5
    # via turbine-mesher
networkx==3.4.2
    # via alphashape
numpy==2.1.3
    # via alphashape
    # via contourpy
    # via matplotlib
    # via meshio
    # via pandas
    # via pynumad
    # via pyvista
    # via scipy
    # via shapely
    # via trimesh
openpyxl==3.1.5
    # via pynumad
packaging==24.2
    # via matplotlib
    # via plotly
    # via pooch
pandas==2.2.3
    # via pynumad
parso==0.8.4
    # via jedi
pexpect==4.9.0
    # via ipython
pillow==11.0.0
    # via matplotlib
    # via pyvista
platformdirs==4.3.6
    # via pooch
plotly==5.24.1
    # via pynumad
pooch==1.8.2
    # via pyvista
prompt-toolkit==3.0.48
    # via ipython
ptyprocess==0.7.0
    # via pexpect
pure-eval==0.2.3
    # via stack-data
pygments==2.18.0
    # via ipython
    # via rich
pynumad==1.0.0
    # via turbine-mesher
pyparsing==3.2.0
    # via matplotlib
python-dateutil==2.9.0.post0
    # via matplotlib
    # via pandas
pytz==2024.2
    # via pandas
pyvista==0.44.1
    # via turbine-mesher
pyyaml==6.0.2
    # via pynumad
requests==2.32.3
    # via pooch
rich==13.9.4
    # via meshio
rtree==1.3.0
    # via alphashape
ruff==0.8.0
scipy==1.14.1
    # via alphashape
    # via pynumad
scooby==0.10.0
    # via pyvista
shapely==2.0.6
    # via alphashape
six==1.16.0
    # via asttokens
    # via python-dateutil
stack-data==0.6.3
    # via ipython
tenacity==9.0.0
    # via plotly
traitlets==5.14.3
    # via ipython
    # via matplotlib-inline
trimesh==4.5.2
    # via alphashape
    # via turbine-mesher
typing-extensions==4.12.2
    # via pyvista
tzdata==2024.2
    # via pandas
urllib3==2.2.3
    # via requests
vtk==9.3.1
    # via pyvista
wcwidth==0.2.13
    # via prompt-toolkit
